
Microsoft Visual Studio Solution File, Format Version 12.00
# Visual Studio Version 17
VisualStudioVersion = 17.14.36109.1
MinimumVisualStudioVersion = 10.0.40219.1
Project("{2150E333-8FDC-42A3-9474-1A3956D46DE8}") = "FirstDay", "FirstDay", "{02EA681E-C7D8-13C7-8484-4AC65E1B71E8}"
EndProject
Project("{FAE04EC0-301F-11D3-BF4B-00C04F79EFBC}") = "HelloWorldConsoleApp", "HelloWorldConsoleApp\HelloWorldConsoleApp.csproj", "{1068F955-2A77-40CA-B7BC-1B42C953D5A4}"
EndProject
Project("{FAE04EC0-301F-11D3-BF4B-00C04F79EFBC}") = "ToDoConsoleApp", "ToDoConsoleApp\ToDoConsoleApp.csproj", "{EF085871-34C4-40A8-A50F-C7789B404E18}"
EndProject
Project("{FAE04EC0-301F-11D3-BF4B-00C04F79EFBC}") = "SecondDayToDoConsoleApp", "SecondDayToDoConsoleApp\SecondDayToDoConsoleApp.csproj", "{62FE1A8E-F3F8-4DC2-AC02-BED6EE9A06B8}"
EndProject
Project("{2150E333-8FDC-42A3-9474-1A3956D46DE8}") = "SecondDay", "SecondDay", "{ED0D2FC2-AC8C-4607-BDBB-B732A6E18AA9}"
EndProject
Project("{FAE04EC0-301F-11D3-BF4B-00C04F79EFBC}") = "SecondDayToDoConsoleAppTests", "SecondDayToDoConsoleAppTests\SecondDayToDoConsoleAppTests.csproj", "{3845647B-425A-450C-8548-42331667D094}"
EndProject
Project("{FAE04EC0-301F-11D3-BF4B-00C04F79EFBC}") = "LinqExcercise", "LinqExcercise\LinqExcercise.csproj", "{4A9E16F2-355B-47F1-AB7A-0826B73BCD1C}"
EndProject
Project("{2150E333-8FDC-42A3-9474-1A3956D46DE8}") = "ThirdDay", "ThirdDay", "{B2FD21BB-FB48-47BE-AE67-66B46A814A46}"
EndProject
Project("{FAE04EC0-301F-11D3-BF4B-00C04F79EFBC}") = "ThirdDayToDoConsoleApp", "ThirdDayToDoConsoleApp\ThirdDayToDoConsoleApp.csproj", "{BA214A74-E3B0-4579-BCB4-82F83FAA145E}"
EndProject
Project("{FAE04EC0-301F-11D3-BF4B-00C04F79EFBC}") = "ThirdDayToDoConsoleApp.Entities", "ThirdDayToDoConsoleApp.Entities\ThirdDayToDoConsoleApp.Entities.csproj", "{E70B2350-27E0-4E0F-82D6-DA4F4F770B1D}"
EndProject
Project("{FAE04EC0-301F-11D3-BF4B-00C04F79EFBC}") = "ThirdDayToDoConsoleApp.IO", "ThirdDayToDoConsoleApp.IO\ThirdDayToDoConsoleApp.IO.csproj", "{C3B4A888-4C50-441B-B973-2D5D04FDD974}"
EndProject
Project("{FAE04EC0-301F-11D3-BF4B-00C04F79EFBC}") = "ThirdDayToDoConsoleApp.Tests", "ThirdDayToDoConsoleApp.Tests\ThirdDayToDoConsoleApp.Tests.csproj", "{21E5AD29-5535-442F-81BC-AF557B269E6E}"
EndProject
Project("{2150E333-8FDC-42A3-9474-1A3956D46DE8}") = "FourthDay", "FourthDay", "{48E7E86C-F8B3-49ED-897E-36F13C9DF8B0}"
EndProject
Project("{FAE04EC0-301F-11D3-BF4B-00C04F79EFBC}") = "FourthDayToDoConsoleApp", "FourthDayToDoConsoleApp\FourthDayToDoConsoleApp.csproj", "{C57CAC16-2887-418D-96A9-EE798E8F3E44}"
EndProject
Project("{FAE04EC0-301F-11D3-BF4B-00C04F79EFBC}") = "FourthDayToDoConsoleApp.Entities", "FourthDayToDoConsoleApp.Entities\FourthDayToDoConsoleApp.Entities.csproj", "{CEBF50EA-B58E-40DC-AC5C-407CEC95D9F1}"
EndProject
Project("{FAE04EC0-301F-11D3-BF4B-00C04F79EFBC}") = "FourthDayToDoConsoleApp.IO", "FourthDayToDoConsoleApp.IO\FourthDayToDoConsoleApp.IO.csproj", "{8DB83E14-30C4-4F12-983D-A0E43830C32F}"
EndProject
Project("{2150E333-8FDC-42A3-9474-1A3956D46DE8}") = "FifthDay", "FifthDay", "{12301B6F-4A2E-447B-BF21-407C096E5C8E}"
EndProject
Project("{FAE04EC0-301F-11D3-BF4B-00C04F79EFBC}") = "WeatherForecastWebApp", "ToDoListWebApp\WeatherForecastWebApp.csproj", "{5CC4AAF0-E826-41E8-93D4-49F9D36D9406}"
EndProject
Project("{FAE04EC0-301F-11D3-BF4B-00C04F79EFBC}") = "ToDoWebApp", "ToDoWebApp\ToDoWebApp.csproj", "{651C4123-3FF8-452A-A0B4-0FC97177D5ED}"
EndProject
Project("{FAE04EC0-301F-11D3-BF4B-00C04F79EFBC}") = "ToDoWebApp.Entities", "ToDoWebApp.Entities\ToDoWebApp.Entities.csproj", "{BFD24A31-7C9E-478E-8E98-145F6D4AD0C3}"
EndProject
Project("{FAE04EC0-301F-11D3-BF4B-00C04F79EFBC}") = "ToDoWebApp.IO", "ToDoWebApp.IO\ToDoWebApp.IO.csproj", "{6740491B-3A9D-4D6A-B9A6-BF252D2B3B73}"
EndProject
Project("{FAE04EC0-301F-11D3-BF4B-00C04F79EFBC}") = "ToDoWebAppTests", "ToDoWebAppTests\ToDoWebAppTests.csproj", "{D87456B4-480A-45D0-A552-EFED8C8B8351}"
EndProject
Project("{2150E333-8FDC-42A3-9474-1A3956D46DE8}") = "Solution Items", "Solution Items", "{8EC462FD-D22E-90A8-E5CE-7E832BA40C5D}"
	ProjectSection(SolutionItems) = preProject
		README.md = README.md
	EndProjectSection
EndProject
Project("{FAE04EC0-301F-11D3-BF4B-00C04F79EFBC}") = "AsyncAwaitDemoApp", "AsyncAwaitDemoApp\AsyncAwaitDemoApp.csproj", "{E6495ED0-2D14-49B4-9730-7D8E22162ED0}"
EndProject
Project("{FAE04EC0-301F-11D3-BF4B-00C04F79EFBC}") = "ThirdDayToDoConsoleApp.Extensions", "ThirdDayToDoConsoleApp.Extensions\ThirdDayToDoConsoleApp.Extensions.csproj", "{129E2B88-377B-4BD0-AE34-1C2583504168}"
EndProject
Project("{2150E333-8FDC-42A3-9474-1A3956D46DE8}") = "FourthDayFromThirdBefore", "FourthDayFromThirdBefore", "{CB03BE3F-3C4E-4EA7-8391-EF514DF02939}"
EndProject
Project("{FAE04EC0-301F-11D3-BF4B-00C04F79EFBC}") = "FourthDayDemo", "FourthDayDemo\FourthDayDemo.csproj", "{A0A4B9E4-C2E7-4604-AD1F-9B4A14CF984A}"
EndProject
Project("{FAE04EC0-301F-11D3-BF4B-00C04F79EFBC}") = "FourthDayDemo.Entities", "FourthDayDemo.Entities\FourthDayDemo.Entities.csproj", "{855D2A94-592C-482F-81C5-F9E2E4ACBDE1}"
EndProject
Project("{FAE04EC0-301F-11D3-BF4B-00C04F79EFBC}") = "FourthDayDemo.IO", "FourthDayDemo.IO\FourthDayDemo.IO.csproj", "{D31CA32E-AD56-4604-9530-A08AED1A1C6B}"
EndProject
Project("{FAE04EC0-301F-11D3-BF4B-00C04F79EFBC}") = "FourthDayDemo.Tests", "FourthDayDemo.Tests\FourthDayDemo.Tests.csproj", "{A5534A05-F6D8-41A0-9825-1D47C08C9D65}"
EndProject
Global
	GlobalSection(SolutionConfigurationPlatforms) = preSolution
		Debug|Any CPU = Debug|Any CPU
		Release|Any CPU = Release|Any CPU
	EndGlobalSection
	GlobalSection(ProjectConfigurationPlatforms) = postSolution
		{1068F955-2A77-40CA-B7BC-1B42C953D5A4}.Debug|Any CPU.ActiveCfg = Debug|Any CPU
		{1068F955-2A77-40CA-B7BC-1B42C953D5A4}.Debug|Any CPU.Build.0 = Debug|Any CPU
		{1068F955-2A77-40CA-B7BC-1B42C953D5A4}.Release|Any CPU.ActiveCfg = Release|Any CPU
		{1068F955-2A77-40CA-B7BC-1B42C953D5A4}.Release|Any CPU.Build.0 = Release|Any CPU
		{EF085871-34C4-40A8-A50F-C7789B404E18}.Debug|Any CPU.ActiveCfg = Debug|Any CPU
		{EF085871-34C4-40A8-A50F-C7789B404E18}.Debug|Any CPU.Build.0 = Debug|Any CPU
		{EF085871-34C4-40A8-A50F-C7789B404E18}.Release|Any CPU.ActiveCfg = Release|Any CPU
		{EF085871-34C4-40A8-A50F-C7789B404E18}.Release|Any CPU.Build.0 = Release|Any CPU
		{62FE1A8E-F3F8-4DC2-AC02-BED6EE9A06B8}.Debug|Any CPU.ActiveCfg = Debug|Any CPU
		{62FE1A8E-F3F8-4DC2-AC02-BED6EE9A06B8}.Debug|Any CPU.Build.0 = Debug|Any CPU
		{62FE1A8E-F3F8-4DC2-AC02-BED6EE9A06B8}.Release|Any CPU.ActiveCfg = Release|Any CPU
		{62FE1A8E-F3F8-4DC2-AC02-BED6EE9A06B8}.Release|Any CPU.Build.0 = Release|Any CPU
		{3845647B-425A-450C-8548-42331667D094}.Debug|Any CPU.ActiveCfg = Debug|Any CPU
		{3845647B-425A-450C-8548-42331667D094}.Debug|Any CPU.Build.0 = Debug|Any CPU
		{3845647B-425A-450C-8548-42331667D094}.Release|Any CPU.ActiveCfg = Release|Any CPU
		{3845647B-425A-450C-8548-42331667D094}.Release|Any CPU.Build.0 = Release|Any CPU
		{4A9E16F2-355B-47F1-AB7A-0826B73BCD1C}.Debug|Any CPU.ActiveCfg = Debug|Any CPU
		{4A9E16F2-355B-47F1-AB7A-0826B73BCD1C}.Debug|Any CPU.Build.0 = Debug|Any CPU
		{4A9E16F2-355B-47F1-AB7A-0826B73BCD1C}.Release|Any CPU.ActiveCfg = Release|Any CPU
		{4A9E16F2-355B-47F1-AB7A-0826B73BCD1C}.Release|Any CPU.Build.0 = Release|Any CPU
		{BA214A74-E3B0-4579-BCB4-82F83FAA145E}.Debug|Any CPU.ActiveCfg = Debug|Any CPU
		{BA214A74-E3B0-4579-BCB4-82F83FAA145E}.Debug|Any CPU.Build.0 = Debug|Any CPU
		{BA214A74-E3B0-4579-BCB4-82F83FAA145E}.Release|Any CPU.ActiveCfg = Release|Any CPU
		{BA214A74-E3B0-4579-BCB4-82F83FAA145E}.Release|Any CPU.Build.0 = Release|Any CPU
		{E70B2350-27E0-4E0F-82D6-DA4F4F770B1D}.Debug|Any CPU.ActiveCfg = Debug|Any CPU
		{E70B2350-27E0-4E0F-82D6-DA4F4F770B1D}.Debug|Any CPU.Build.0 = Debug|Any CPU
		{E70B2350-27E0-4E0F-82D6-DA4F4F770B1D}.Release|Any CPU.ActiveCfg = Release|Any CPU
		{E70B2350-27E0-4E0F-82D6-DA4F4F770B1D}.Release|Any CPU.Build.0 = Release|Any CPU
		{C3B4A888-4C50-441B-B973-2D5D04FDD974}.Debug|Any CPU.ActiveCfg = Debug|Any CPU
		{C3B4A888-4C50-441B-B973-2D5D04FDD974}.Debug|Any CPU.Build.0 = Debug|Any CPU
		{C3B4A888-4C50-441B-B973-2D5D04FDD974}.Release|Any CPU.ActiveCfg = Release|Any CPU
		{C3B4A888-4C50-441B-B973-2D5D04FDD974}.Release|Any CPU.Build.0 = Release|Any CPU
		{21E5AD29-5535-442F-81BC-AF557B269E6E}.Debug|Any CPU.ActiveCfg = Debug|Any CPU
		{21E5AD29-5535-442F-81BC-AF557B269E6E}.Debug|Any CPU.Build.0 = Debug|Any CPU
		{21E5AD29-5535-442F-81BC-AF557B269E6E}.Release|Any CPU.ActiveCfg = Release|Any CPU
		{21E5AD29-5535-442F-81BC-AF557B269E6E}.Release|Any CPU.Build.0 = Release|Any CPU
		{C57CAC16-2887-418D-96A9-EE798E8F3E44}.Debug|Any CPU.ActiveCfg = Debug|Any CPU
		{C57CAC16-2887-418D-96A9-EE798E8F3E44}.Debug|Any CPU.Build.0 = Debug|Any CPU
		{C57CAC16-2887-418D-96A9-EE798E8F3E44}.Release|Any CPU.ActiveCfg = Release|Any CPU
		{C57CAC16-2887-418D-96A9-EE798E8F3E44}.Release|Any CPU.Build.0 = Release|Any CPU
		{CEBF50EA-B58E-40DC-AC5C-407CEC95D9F1}.Debug|Any CPU.ActiveCfg = Debug|Any CPU
		{CEBF50EA-B58E-40DC-AC5C-407CEC95D9F1}.Debug|Any CPU.Build.0 = Debug|Any CPU
		{CEBF50EA-B58E-40DC-AC5C-407CEC95D9F1}.Release|Any CPU.ActiveCfg = Release|Any CPU
		{CEBF50EA-B58E-40DC-AC5C-407CEC95D9F1}.Release|Any CPU.Build.0 = Release|Any CPU
		{8DB83E14-30C4-4F12-983D-A0E43830C32F}.Debug|Any CPU.ActiveCfg = Debug|Any CPU
		{8DB83E14-30C4-4F12-983D-A0E43830C32F}.Debug|Any CPU.Build.0 = Debug|Any CPU
		{8DB83E14-30C4-4F12-983D-A0E43830C32F}.Release|Any CPU.ActiveCfg = Release|Any CPU
		{8DB83E14-30C4-4F12-983D-A0E43830C32F}.Release|Any CPU.Build.0 = Release|Any CPU
		{5CC4AAF0-E826-41E8-93D4-49F9D36D9406}.Debug|Any CPU.ActiveCfg = Debug|Any CPU
		{5CC4AAF0-E826-41E8-93D4-49F9D36D9406}.Debug|Any CPU.Build.0 = Debug|Any CPU
		{5CC4AAF0-E826-41E8-93D4-49F9D36D9406}.Release|Any CPU.ActiveCfg = Release|Any CPU
		{5CC4AAF0-E826-41E8-93D4-49F9D36D9406}.Release|Any CPU.Build.0 = Release|Any CPU
		{651C4123-3FF8-452A-A0B4-0FC97177D5ED}.Debug|Any CPU.ActiveCfg = Debug|Any CPU
		{651C4123-3FF8-452A-A0B4-0FC97177D5ED}.Debug|Any CPU.Build.0 = Debug|Any CPU
		{651C4123-3FF8-452A-A0B4-0FC97177D5ED}.Release|Any CPU.ActiveCfg = Release|Any CPU
		{651C4123-3FF8-452A-A0B4-0FC97177D5ED}.Release|Any CPU.Build.0 = Release|Any CPU
		{BFD24A31-7C9E-478E-8E98-145F6D4AD0C3}.Debug|Any CPU.ActiveCfg = Debug|Any CPU
		{BFD24A31-7C9E-478E-8E98-145F6D4AD0C3}.Debug|Any CPU.Build.0 = Debug|Any CPU
		{BFD24A31-7C9E-478E-8E98-145F6D4AD0C3}.Release|Any CPU.ActiveCfg = Release|Any CPU
		{BFD24A31-7C9E-478E-8E98-145F6D4AD0C3}.Release|Any CPU.Build.0 = Release|Any CPU
		{6740491B-3A9D-4D6A-B9A6-BF252D2B3B73}.Debug|Any CPU.ActiveCfg = Debug|Any CPU
		{6740491B-3A9D-4D6A-B9A6-BF252D2B3B73}.Debug|Any CPU.Build.0 = Debug|Any CPU
		{6740491B-3A9D-4D6A-B9A6-BF252D2B3B73}.Release|Any CPU.ActiveCfg = Release|Any CPU
		{6740491B-3A9D-4D6A-B9A6-BF252D2B3B73}.Release|Any CPU.Build.0 = Release|Any CPU
		{D87456B4-480A-45D0-A552-EFED8C8B8351}.Debug|Any CPU.ActiveCfg = Debug|Any CPU
		{D87456B4-480A-45D0-A552-EFED8C8B8351}.Debug|Any CPU.Build.0 = Debug|Any CPU
		{D87456B4-480A-45D0-A552-EFED8C8B8351}.Release|Any CPU.ActiveCfg = Release|Any CPU
		{D87456B4-480A-45D0-A552-EFED8C8B8351}.Release|Any CPU.Build.0 = Release|Any CPU
		{E6495ED0-2D14-49B4-9730-7D8E22162ED0}.Debug|Any CPU.ActiveCfg = Debug|Any CPU
		{E6495ED0-2D14-49B4-9730-7D8E22162ED0}.Debug|Any CPU.Build.0 = Debug|Any CPU
		{E6495ED0-2D14-49B4-9730-7D8E22162ED0}.Release|Any CPU.ActiveCfg = Release|Any CPU
		{E6495ED0-2D14-49B4-9730-7D8E22162ED0}.Release|Any CPU.Build.0 = Release|Any CPU
		{129E2B88-377B-4BD0-AE34-1C2583504168}.Debug|Any CPU.ActiveCfg = Debug|Any CPU
		{129E2B88-377B-4BD0-AE34-1C2583504168}.Debug|Any CPU.Build.0 = Debug|Any CPU
		{129E2B88-377B-4BD0-AE34-1C2583504168}.Release|Any CPU.ActiveCfg = Release|Any CPU
		{129E2B88-377B-4BD0-AE34-1C2583504168}.Release|Any CPU.Build.0 = Release|Any CPU
		{A0A4B9E4-C2E7-4604-AD1F-9B4A14CF984A}.Debug|Any CPU.ActiveCfg = Debug|Any CPU
		{A0A4B9E4-C2E7-4604-AD1F-9B4A14CF984A}.Debug|Any CPU.Build.0 = Debug|Any CPU
		{A0A4B9E4-C2E7-4604-AD1F-9B4A14CF984A}.Release|Any CPU.ActiveCfg = Release|Any CPU
		{A0A4B9E4-C2E7-4604-AD1F-9B4A14CF984A}.Release|Any CPU.Build.0 = Release|Any CPU
		{855D2A94-592C-482F-81C5-F9E2E4ACBDE1}.Debug|Any CPU.ActiveCfg = Debug|Any CPU
		{855D2A94-592C-482F-81C5-F9E2E4ACBDE1}.Debug|Any CPU.Build.0 = Debug|Any CPU
		{855D2A94-592C-482F-81C5-F9E2E4ACBDE1}.Release|Any CPU.ActiveCfg = Release|Any CPU
		{855D2A94-592C-482F-81C5-F9E2E4ACBDE1}.Release|Any CPU.Build.0 = Release|Any CPU
		{D31CA32E-AD56-4604-9530-A08AED1A1C6B}.Debug|Any CPU.ActiveCfg = Debug|Any CPU
		{D31CA32E-AD56-4604-9530-A08AED1A1C6B}.Debug|Any CPU.Build.0 = Debug|Any CPU
		{D31CA32E-AD56-4604-9530-A08AED1A1C6B}.Release|Any CPU.ActiveCfg = Release|Any CPU
		{D31CA32E-AD56-4604-9530-A08AED1A1C6B}.Release|Any CPU.Build.0 = Release|Any CPU
		{A5534A05-F6D8-41A0-9825-1D47C08C9D65}.Debug|Any CPU.ActiveCfg = Debug|Any CPU
		{A5534A05-F6D8-41A0-9825-1D47C08C9D65}.Debug|Any CPU.Build.0 = Debug|Any CPU
		{A5534A05-F6D8-41A0-9825-1D47C08C9D65}.Release|Any CPU.ActiveCfg = Release|Any CPU
		{A5534A05-F6D8-41A0-9825-1D47C08C9D65}.Release|Any CPU.Build.0 = Release|Any CPU
	EndGlobalSection
	GlobalSection(SolutionProperties) = preSolution
		HideSolutionNode = FALSE
	EndGlobalSection
	GlobalSection(NestedProjects) = preSolution
		{1068F955-2A77-40CA-B7BC-1B42C953D5A4} = {02EA681E-C7D8-13C7-8484-4AC65E1B71E8}
		{EF085871-34C4-40A8-A50F-C7789B404E18} = {02EA681E-C7D8-13C7-8484-4AC65E1B71E8}
		{62FE1A8E-F3F8-4DC2-AC02-BED6EE9A06B8} = {ED0D2FC2-AC8C-4607-BDBB-B732A6E18AA9}
		{3845647B-425A-450C-8548-42331667D094} = {ED0D2FC2-AC8C-4607-BDBB-B732A6E18AA9}
		{4A9E16F2-355B-47F1-AB7A-0826B73BCD1C} = {ED0D2FC2-AC8C-4607-BDBB-B732A6E18AA9}
		{BA214A74-E3B0-4579-BCB4-82F83FAA145E} = {B2FD21BB-FB48-47BE-AE67-66B46A814A46}
		{E70B2350-27E0-4E0F-82D6-DA4F4F770B1D} = {B2FD21BB-FB48-47BE-AE67-66B46A814A46}
		{C3B4A888-4C50-441B-B973-2D5D04FDD974} = {B2FD21BB-FB48-47BE-AE67-66B46A814A46}
		{21E5AD29-5535-442F-81BC-AF557B269E6E} = {B2FD21BB-FB48-47BE-AE67-66B46A814A46}
		{C57CAC16-2887-418D-96A9-EE798E8F3E44} = {48E7E86C-F8B3-49ED-897E-36F13C9DF8B0}
		{CEBF50EA-B58E-40DC-AC5C-407CEC95D9F1} = {48E7E86C-F8B3-49ED-897E-36F13C9DF8B0}
		{8DB83E14-30C4-4F12-983D-A0E43830C32F} = {48E7E86C-F8B3-49ED-897E-36F13C9DF8B0}
		{5CC4AAF0-E826-41E8-93D4-49F9D36D9406} = {12301B6F-4A2E-447B-BF21-407C096E5C8E}
		{651C4123-3FF8-452A-A0B4-0FC97177D5ED} = {12301B6F-4A2E-447B-BF21-407C096E5C8E}
		{BFD24A31-7C9E-478E-8E98-145F6D4AD0C3} = {12301B6F-4A2E-447B-BF21-407C096E5C8E}
		{6740491B-3A9D-4D6A-B9A6-BF252D2B3B73} = {12301B6F-4A2E-447B-BF21-407C096E5C8E}
		{D87456B4-480A-45D0-A552-EFED8C8B8351} = {12301B6F-4A2E-447B-BF21-407C096E5C8E}
		{E6495ED0-2D14-49B4-9730-7D8E22162ED0} = {B2FD21BB-FB48-47BE-AE67-66B46A814A46}
		{129E2B88-377B-4BD0-AE34-1C2583504168} = {B2FD21BB-FB48-47BE-AE67-66B46A814A46}
		{A0A4B9E4-C2E7-4604-AD1F-9B4A14CF984A} = {CB03BE3F-3C4E-4EA7-8391-EF514DF02939}
		{855D2A94-592C-482F-81C5-F9E2E4ACBDE1} = {CB03BE3F-3C4E-4EA7-8391-EF514DF02939}
		{D31CA32E-AD56-4604-9530-A08AED1A1C6B} = {CB03BE3F-3C4E-4EA7-8391-EF514DF02939}
		{A5534A05-F6D8-41A0-9825-1D47C08C9D65} = {CB03BE3F-3C4E-4EA7-8391-EF514DF02939}
	EndGlobalSection
	GlobalSection(ExtensibilityGlobals) = postSolution
		SolutionGuid = {90A4C925-33C8-4BAE-B201-EE8BD31ACAE2}
	EndGlobalSection
EndGlobal
